
Microsoft Visual Studio Solution File, Format Version 12.00
# Visual Studio Version 16
VisualStudioVersion = 16.0.34114.132
MinimumVisualStudioVersion = 10.0.40219.1
Project("{FAE04EC0-301F-11D3-BF4B-00C04F79EFBC}") = "BPShop", "BPShop\BPShop.csproj", "{A53808FC-0208-4ABE-80B8-F458ABFD076E}"
EndProject
Global
	GlobalSection(SolutionConfigurationPlatforms) = preSolution
		Debug|Any CPU = Debug|Any CPU
		Release|Any CPU = Release|Any CPU
	EndGlobalSection
	GlobalSection(ProjectConfigurationPlatforms) = postSolution
		{A53808FC-0208-4ABE-80B8-F458ABFD076E}.Debug|Any CPU.ActiveCfg = Debug|Any CPU
		{A53808FC-0208-4ABE-80B8-F458ABFD076E}.Debug|Any CPU.Build.0 = Debug|Any CPU
		{A53808FC-0208-4ABE-80B8-F458ABFD076E}.Release|Any CPU.ActiveCfg = Release|Any CPU
		{A53808FC-0208-4ABE-80B8-F458ABFD076E}.Release|Any CPU.Build.0 = Release|Any CPU
	EndGlobalSection
	GlobalSection(SolutionProperties) = preSolution
		HideSolutionNode = FALSE
	EndGlobalSection
	GlobalSection(ExtensibilityGlobals) = postSolution
		SolutionGuid = {32CEF75F-9433-411D-8CEF-3B78F9669BA8}
	EndGlobalSection
EndGlobal
